// !$*UTF8*$!
{
	archiveVersion = 1;
	classes = {
	};
	objectVersion = 46;
	objects = {

/* Begin PBXBuildFile section */
		F6A536D81F132E8400F2F248 /* AppDelegate.swift in Sources */ = {isa = PBXBuildFile; fileRef = F6A536D71F132E8400F2F248 /* AppDelegate.swift */; };
		F6A536DA1F132E8400F2F248 /* ViewController.swift in Sources */ = {isa = PBXBuildFile; fileRef = F6A536D91F132E8400F2F248 /* ViewController.swift */; };
		F6A536DD1F132E8400F2F248 /* Main.storyboard in Resources */ = {isa = PBXBuildFile; fileRef = F6A536DB1F132E8400F2F248 /* Main.storyboard */; };
		F6A536DF1F132E8400F2F248 /* Assets.xcassets in Resources */ = {isa = PBXBuildFile; fileRef = F6A536DE1F132E8400F2F248 /* Assets.xcassets */; };
		F6A536E21F132E8400F2F248 /* LaunchScreen.storyboard in Resources */ = {isa = PBXBuildFile; fileRef = F6A536E01F132E8400F2F248 /* LaunchScreen.storyboard */; };
/* End PBXBuildFile section */

/* Begin PBXFileReference section */
		F6A536D41F132E8400F2F248 /* PushMyNotifs3.app */ = {isa = PBXFileReference; explicitFileType = wrapper.application; includeInIndex = 0; path = PushMyNotifs3.app; sourceTree = BUILT_PRODUCTS_DIR; };
		F6A536D71F132E8400F2F248 /* AppDelegate.swift */ = {isa = PBXFileReference; lastKnownFileType = sourcecode.swift; path = AppDelegate.swift; sourceTree = "<group>"; };
		F6A536D91F132E8400F2F248 /* ViewController.swift */ = {isa = PBXFileReference; lastKnownFileType = sourcecode.swift; path = ViewController.swift; sourceTree = "<group>"; };
		F6A536DC1F132E8400F2F248 /* Base */ = {isa = PBXFileReference; lastKnownFileType = file.storyboard; name = Base; path = Base.lproj/Main.storyboard; sourceTree = "<group>"; };
		F6A536DE1F132E8400F2F248 /* Assets.xcassets */ = {isa = PBXFileReference; lastKnownFileType = folder.assetcatalog; path = Assets.xcassets; sourceTree = "<group>"; };
		F6A536E11F132E8400F2F248 /* Base */ = {isa = PBXFileReference; lastKnownFileType = file.storyboard; name = Base; path = Base.lproj/LaunchScreen.storyboard; sourceTree = "<group>"; };
		F6A536E31F132E8400F2F248 /* Info.plist */ = {isa = PBXFileReference; lastKnownFileType = text.plist.xml; path = Info.plist; sourceTree = "<group>"; };
/* End PBXFileReference section */

/* Begin PBXFrameworksBuildPhase section */
		F6A536D11F132E8400F2F248 /* Frameworks */ = {
			isa = PBXFrameworksBuildPhase;
			buildActionMask = 2147483647;
			files = (
			);
			runOnlyForDeploymentPostprocessing = 0;
		};
/* End PBXFrameworksBuildPhase section */

/* Begin PBXGroup section */
		F6A536CB1F132E8400F2F248 = {
			isa = PBXGroup;
			children = (
				F6A536D61F132E8400F2F248 /* PushMyNotifs3 */,
				F6A536D51F132E8400F2F248 /* Products */,
			);
			sourceTree = "<group>";
		};
		F6A536D51F132E8400F2F248 /* Products */ = {
			isa = PBXGroup;
			children = (
				F6A536D41F132E8400F2F248 /* PushMyNotifs3.app */,
			);
			name = Products;
			sourceTree = "<group>";
		};
		F6A536D61F132E8400F2F248 /* PushMyNotifs3 */ = {
			isa = PBXGroup;
			children = (
				F6A536D71F132E8400F2F248 /* AppDelegate.swift */,
				F6A536D91F132E8400F2F248 /* ViewController.swift */,
				F6A536DB1F132E8400F2F248 /* Main.storyboard */,
				F6A536DE1F132E8400F2F248 /* Assets.xcassets */,
				F6A536E01F132E8400F2F248 /* LaunchScreen.storyboard */,
				F6A536E31F132E8400F2F248 /* Info.plist */,
			);
			path = PushMyNotifs3;
			sourceTree = "<group>";
		};
/* End PBXGroup section */

/* Begin PBXNativeTarget section */
		F6A536D31F132E8400F2F248 /* PushMyNotifs3 */ = {
			isa = PBXNativeTarget;
			buildConfigurationList = F6A536E61F132E8400F2F248 /* Build configuration list for PBXNativeTarget "PushMyNotifs3" */;
			buildPhases = (
				F6A536D01F132E8400F2F248 /* Sources */,
				F6A536D11F132E8400F2F248 /* Frameworks */,
				F6A536D21F132E8400F2F248 /* Resources */,
			);
			buildRules = (
			);
			dependencies = (
			);
			name = PushMyNotifs3;
			productName = PushMyNotifs3;
			productReference = F6A536D41F132E8400F2F248 /* PushMyNotifs3.app */;
			productType = "com.apple.product-type.application";
		};
/* End PBXNativeTarget section */

/* Begin PBXProject section */
		F6A536CC1F132E8400F2F248 /* Project object */ = {
			isa = PBXProject;
			attributes = {
				LastSwiftUpdateCheck = 0830;
				LastUpgradeCheck = 0830;
				ORGANIZATIONNAME = "Ricardo Herrera Petit";
				TargetAttributes = {
					F6A536D31F132E8400F2F248 = {
						CreatedOnToolsVersion = 8.3.2;
						DevelopmentTeam = 9J527Q9823;
						ProvisioningStyle = Automatic;
					};
				};
			};
			buildConfigurationList = F6A536CF1F132E8400F2F248 /* Build configuration list for PBXProject "PushMyNotifs3" */;
			compatibilityVersion = "Xcode 3.2";
			developmentRegion = English;
			hasScannedForEncodings = 0;
			knownRegions = (
				en,
				Base,
			);
			mainGroup = F6A536CB1F132E8400F2F248;
			productRefGroup = F6A536D51F132E8400F2F248 /* Products */;
			projectDirPath = "";
			projectRoot = "";
			targets = (
				F6A536D31F132E8400F2F248 /* PushMyNotifs3 */,
			);
		};
/* End PBXProject section */

/* Begin PBXResourcesBuildPhase section */
		F6A536D21F132E8400F2F248 /* Resources */ = {
			isa = PBXResourcesBuildPhase;
			buildActionMask = 2147483647;
			files = (
				F6A536E21F132E8400F2F248 /* LaunchScreen.storyboard in Resources */,
				F6A536DF1F132E8400F2F248 /* Assets.xcassets in Resources */,
				F6A536DD1F132E8400F2F248 /* Main.storyboard in Resources */,
			);
			runOnlyForDeploymentPostprocessing = 0;
		};
/* End PBXResourcesBuildPhase section */

/* Begin PBXSourcesBuildPhase section */
		F6A536D01F132E8400F2F248 /* Sources */ = {
			isa = PBXSourcesBuildPhase;
			buildActionMask = 2147483647;
			files = (
				F6A536DA1F132E8400F2F248 /* ViewController.swift in Sources */,
				F6A536D81F132E8400F2F248 /* AppDelegate.swift in Sources */,
			);
			runOnlyForDeploymentPostprocessing = 0;
		};
/* End PBXSourcesBuildPhase section */

/* Begin PBXVariantGroup section */
		F6A536DB1F132E8400F2F248 /* Main.storyboard */ = {
			isa = PBXVariantGroup;
			children = (
				F6A536DC1F132E8400F2F248 /* Base */,
			);
			name = Main.storyboard;
			sourceTree = "<group>";
		};
		F6A536E01F132E8400F2F248 /* LaunchScreen.storyboard */ = {
			isa = PBXVariantGroup;
			children = (
				F6A536E11F132E8400F2F248 /* Base */,
			);
			name = LaunchScreen.storyboard;
			sourceTree = "<group>";
		};
/* End PBXVariantGroup section */

/* Begin XCBuildConfiguration section */
		F6A536E41F132E8400F2F248 /* Debug */ = {
			isa = XCBuildConfiguration;
			buildSettings = {
				ALWAYS_SEARCH_USER_PATHS = NO;
				CLANG_ANALYZER_NONNULL = YES;
				CLANG_ANALYZER_NUMBER_OBJECT_CONVERSION = YES_AGGRESSIVE;
				CLANG_CXX_LANGUAGE_STANDARD = "gnu++0x";
				CLANG_CXX_LIBRARY = "libc++";
				CLANG_ENABLE_MODULES = YES;
				CLANG_ENABLE_OBJC_ARC = YES;
				CLANG_WARN_BOOL_CONVERSION = YES;
				CLANG_WARN_CONSTANT_CONVERSION = YES;
				CLANG_WARN_DIRECT_OBJC_ISA_USAGE = YES_ERROR;
				CLANG_WARN_DOCUMENTATION_COMMENTS = YES;
				CLANG_WARN_EMPTY_BODY = YES;
				CLANG_WARN_ENUM_CONVERSION = YES;
				CLANG_WARN_INFINITE_RECURSION = YES;
				CLANG_WARN_INT_CONVERSION = YES;
				CLANG_WARN_OBJC_ROOT_CLASS = YES_ERROR;
				CLANG_WARN_SUSPICIOUS_MOVE = YES;
				CLANG_WARN_UNREACHABLE_CODE = YES;
				CLANG_WARN__DUPLICATE_METHOD_MATCH = YES;
				"CODE_SIGN_IDENTITY[sdk=iphoneos*]" = "iPhone Developer";
				COPY_PHASE_STRIP = NO;
				DEBUG_INFORMATION_FORMAT = dwarf;
				ENABLE_STRICT_OBJC_MSGSEND = YES;
				ENABLE_TESTABILITY = YES;
				GCC_C_LANGUAGE_STANDARD = gnu99;
				GCC_DYNAMIC_NO_PIC = NO;
				GCC_NO_COMMON_BLOCKS = YES;
				GCC_OPTIMIZATION_LEVEL = 0;
				GCC_PREPROCESSOR_DEFINITIONS = (
					"DEBUG=1",
					"$(inherited)",
				);
				GCC_WARN_64_TO_32_BIT_CONVERSION = YES;
				GCC_WARN_ABOUT_RETURN_TYPE = YES_ERROR;
				GCC_WARN_UNDECLARED_SELECTOR = YES;
				GCC_WARN_UNINITIALIZED_AUTOS = YES_AGGRESSIVE;
				GCC_WARN_UNUSED_FUNCTION = YES;
				GCC_WARN_UNUSED_VARIABLE = YES;
				IPHONEOS_DEPLOYMENT_TARGET = 10.3;
				MTL_ENABLE_DEBUG_INFO = YES;
				ONLY_ACTIVE_ARCH = YES;
				SDKROOT = iphoneos;
				SWIFT_ACTIVE_COMPILATION_CONDITIONS = DEBUG;
				SWIFT_OPTIMIZATION_LEVEL = "-Onone";
				TARGETED_DEVICE_FAMILY = "1,2";
			};
			name = Debug;
		};
		F6A536E51F132E8400F2F248 /* Release */ = {
			isa = XCBuildConfiguration;
			buildSettings = {
				ALWAYS_SEARCH_USER_PATHS = NO;
				CLANG_ANALYZER_NONNULL = YES;
				CLANG_ANALYZER_NUMBER_OBJECT_CONVERSION = YES_AGGRESSIVE;
				CLANG_CXX_LANGUAGE_STANDARD = "gnu++0x";
				CLANG_CXX_LIBRARY = "libc++";
				CLANG_ENABLE_MODULES = YES;
				CLANG_ENABLE_OBJC_ARC = YES;
				CLANG_WARN_BOOL_CONVERSION = YES;
				CLANG_WARN_CONSTANT_CONVERSION = YES;
				CLANG_WARN_DIRECT_OBJC_ISA_USAGE = YES_ERROR;
				CLANG_WARN_DOCUMENTATION_COMMENTS = YES;
				CLANG_WARN_EMPTY_BODY = YES;
				CLANG_WARN_ENUM_CONVERSION = YES;
				CLANG_WARN_INFINITE_RECURSION = YES;
				CLANG_WARN_INT_CONVERSION = YES;
				CLANG_WARN_OBJC_ROOT_CLASS = YES_ERROR;
				CLANG_WARN_SUSPICIOUS_MOVE = YES;
				CLANG_WARN_UNREACHABLE_CODE = YES;
				CLANG_WARN__DUPLICATE_METHOD_MATCH = YES;
				"CODE_SIGN_IDENTITY[sdk=iphoneos*]" = "iPhone Developer";
				COPY_PHASE_STRIP = NO;
				DEBUG_INFORMATION_FORMAT = "dwarf-with-dsym";
				ENABLE_NS_ASSERTIONS = NO;
				ENABLE_STRICT_OBJC_MSGSEND = YES;
				GCC_C_LANGUAGE_STANDARD = gnu99;
				GCC_NO_COMMON_BLOCKS = YES;
				GCC_WARN_64_TO_32_BIT_CONVERSION = YES;
				GCC_WARN_ABOUT_RETURN_TYPE = YES_ERROR;
				GCC_WARN_UNDECLARED_SELECTOR = YES;
				GCC_WARN_UNINITIALIZED_AUTOS = YES_AGGRESSIVE;
				GCC_WARN_UNUSED_FUNCTION = YES;
				GCC_WARN_UNUSED_VARIABLE = YES;
				IPHONEOS_DEPLOYMENT_TARGET = 10.3;
				MTL_ENABLE_DEBUG_INFO = NO;
				SDKROOT = iphoneos;
				SWIFT_OPTIMIZATION_LEVEL = "-Owholemodule";
				TARGETED_DEVICE_FAMILY = "1,2";
				VALIDATE_PRODUCT = YES;
			};
			name = Release;
		};
		F6A536E71F132E8400F2F248 /* Debug */ = {
			isa = XCBuildConfiguration;
			buildSettings = {
				ASSETCATALOG_COMPILER_APPICON_NAME = AppIcon;
				DEVELOPMENT_TEAM = 9J527Q9823;
				INFOPLIST_FILE = PushMyNotifs3/Info.plist;
				LD_RUNPATH_SEARCH_PATHS = "$(inherited) @executable_path/Frameworks";
				PRODUCT_BUNDLE_IDENTIFIER = com.oshyn.PushMyNotifs3;
				PRODUCT_NAME = "$(TARGET_NAME)";
				SWIFT_VERSION = 3.0;
			};
			name = Debug;
		};
		F6A536E81F132E8400F2F248 /* Release */ = {
			isa = XCBuildConfiguration;
			buildSettings = {
				ASSETCATALOG_COMPILER_APPICON_NAME = AppIcon;
				DEVELOPMENT_TEAM = 9J527Q9823;
				INFOPLIST_FILE = PushMyNotifs3/Info.plist;
				LD_RUNPATH_SEARCH_PATHS = "$(inherited) @executable_path/Frameworks";
				PRODUCT_BUNDLE_IDENTIFIER = com.oshyn.PushMyNotifs3;
				PRODUCT_NAME = "$(TARGET_NAME)";
				SWIFT_VERSION = 3.0;
			};
			name = Release;
		};
/* End XCBuildConfiguration section */

/* Begin XCConfigurationList section */
		F6A536CF1F132E8400F2F248 /* Build configuration list for PBXProject "PushMyNotifs3" */ = {
			isa = XCConfigurationList;
			buildConfigurations = (
				F6A536E41F132E8400F2F248 /* Debug */,
				F6A536E51F132E8400F2F248 /* Release */,
			);
			defaultConfigurationIsVisible = 0;
			defaultConfigurationName = Release;
		};
		F6A536E61F132E8400F2F248 /* Build configuration list for PBXNativeTarget "PushMyNotifs3" */ = {
			isa = XCConfigurationList;
			buildConfigurations = (
				F6A536E71F132E8400F2F248 /* Debug */,
				F6A536E81F132E8400F2F248 /* Release */,
			);
			defaultConfigurationIsVisible = 0;
		};
/* End XCConfigurationList section */
	};
	rootObject = F6A536CC1F132E8400F2F248 /* Project object */;
}
